{
  "name": "@eatf/sign-cli",
  "version": "0.1.3",
  "lockfileVersion": 3,
  "requires": true,
  "packages": {
    "": {
      "name": "@eatf/sign-cli",
      "version": "0.1.3",
      "license": "Apache-2.0",
      "dependencies": {
        "@eatf/verifier": "file:../../lib",
        "fflate": "^0.8.2"
      },
      "bin": {
        "eatf-sign": "bin/eatf-sign.js"
      },
      "engines": {
        "node": ">=20"
      }
    },
    "../../lib": {
      "name": "@eatf/verifier",
      "version": "0.1.1",
      "license": "MIT",
      "dependencies": {
        "@noble/post-quantum": "^0.4.0",
        "asn1js": "^3.0.5",
        "fflate": "^0.8.2",
        "pkijs": "^3.2.4"
      },
      "devDependencies": {
        "@types/node": "^22.0.0",
        "typescript": "^5.6.0",
        "vitest": "^2.1.0"
      },
      "engines": {
        "node": ">=20"
      }
    },
    "node_modules/@eatf/verifier": {
      "resolved": "../../lib",
      "link": true
    },
    "node_modules/fflate": {
      "version": "0.8.3",
      "resolved": "https://registry.npmjs.org/fflate/-/fflate-0.8.3.tgz",
      "integrity": "sha512-tbZNuJrLwGUp3zshBtdy4W+ORxZuIh8a5ilyIEQDC5rY1f3U20JMry0Ll3WBzU58EZKsEuJFXhb5gwv8CsPvgA==",
      "license": "MIT"
    }
  }
}
