{
  "name": "@eatf/verify-cli",
  "version": "0.1.1",
  "lockfileVersion": 3,
  "requires": true,
  "packages": {
    "": {
      "name": "@eatf/verify-cli",
      "version": "0.1.1",
      "license": "Apache-2.0",
      "dependencies": {
        "@eatf/verifier": "file:../../lib"
      },
      "bin": {
        "eatf-verify": "bin/eatf-verify.js"
      },
      "engines": {
        "node": ">=20"
      }
    },
    "../../lib": {
      "name": "@eatf/verifier",
      "version": "0.1.0-alpha",
      "license": "MIT",
      "dependencies": {
        "@noble/post-quantum": "^0.4.0",
        "asn1js": "^3.0.5",
        "fflate": "^0.8.2",
        "pkijs": "^3.2.4"
      },
      "devDependencies": {
        "@types/node": "^22.0.0",
        "typescript": "^5.6.0",
        "vitest": "^2.1.0"
      },
      "engines": {
        "node": ">=20"
      }
    },
    "node_modules/@eatf/verifier": {
      "resolved": "../../lib",
      "link": true
    }
  }
}
